
Microsoft Visual Studio Solution File, Format Version 12.00
# Visual Studio Version 17
VisualStudioVersion = 17.12.35323.107
MinimumVisualStudioVersion = 10.0.40219.1
Project("{FAE04EC0-301F-11D3-BF4B-00C04F79EFBC}") = "MyMediaIndex", "MyMediaIndex\MyMediaIndex.csproj", "{0EADEFBA-BD71-4A6A-A82B-8060029247B5}"
EndProject
Global
	GlobalSection(SolutionConfigurationPlatforms) = preSolution
		Debug|Any CPU = Debug|Any CPU
		Release|Any CPU = Release|Any CPU
	EndGlobalSection
	GlobalSection(ProjectConfigurationPlatforms) = postSolution
		{0EADEFBA-BD71-4A6A-A82B-8060029247B5}.Debug|Any CPU.ActiveCfg = Debug|Any CPU
		{0EADEFBA-BD71-4A6A-A82B-8060029247B5}.Debug|Any CPU.Build.0 = Debug|Any CPU
		{0EADEFBA-BD71-4A6A-A82B-8060029247B5}.Release|Any CPU.ActiveCfg = Release|Any CPU
		{0EADEFBA-BD71-4A6A-A82B-8060029247B5}.Release|Any CPU.Build.0 = Release|Any CPU
	EndGlobalSection
	GlobalSection(SolutionProperties) = preSolution
		HideSolutionNode = FALSE
	EndGlobalSection
	GlobalSection(ExtensibilityGlobals) = postSolution
		SolutionGuid = {2A87C2AE-3EFC-4859-8416-81BA1D62DB48}
	EndGlobalSection
EndGlobal
